
Microsoft Visual Studio Solution File, Format Version 12.00
# Visual Studio Version 17
VisualStudioVersion = 17.5.002.0
MinimumVisualStudioVersion = 10.0.40219.1
Project("{9A19103F-16F7-4668-BE54-9A1E7A4F7556}") = "Lesson8-Loops", "Lesson8-Loops.csproj", "{3D464775-4B95-4B4A-944C-5C0702B7F6A5}"
EndProject
Global
	GlobalSection(SolutionConfigurationPlatforms) = preSolution
		Debug|Any CPU = Debug|Any CPU
		Release|Any CPU = Release|Any CPU
	EndGlobalSection
	GlobalSection(ProjectConfigurationPlatforms) = postSolution
		{3D464775-4B95-4B4A-944C-5C0702B7F6A5}.Debug|Any CPU.ActiveCfg = Debug|Any CPU
		{3D464775-4B95-4B4A-944C-5C0702B7F6A5}.Debug|Any CPU.Build.0 = Debug|Any CPU
		{3D464775-4B95-4B4A-944C-5C0702B7F6A5}.Release|Any CPU.ActiveCfg = Release|Any CPU
		{3D464775-4B95-4B4A-944C-5C0702B7F6A5}.Release|Any CPU.Build.0 = Release|Any CPU
	EndGlobalSection
	GlobalSection(SolutionProperties) = preSolution
		HideSolutionNode = FALSE
	EndGlobalSection
	GlobalSection(ExtensibilityGlobals) = postSolution
		SolutionGuid = {17CE74BA-CEE8-4CF7-95E3-8518D5660C35}
	EndGlobalSection
EndGlobal
