
Microsoft Visual Studio Solution File, Format Version 12.00
# Visual Studio Version 17
VisualStudioVersion = 17.5.002.0
MinimumVisualStudioVersion = 10.0.40219.1
Project("{9A19103F-16F7-4668-BE54-9A1E7A4F7556}") = "Lesson4-TypeCasting", "Lesson4-TypeCasting.csproj", "{6759762A-5E92-45B6-95E5-26FF0D870827}"
EndProject
Global
	GlobalSection(SolutionConfigurationPlatforms) = preSolution
		Debug|Any CPU = Debug|Any CPU
		Release|Any CPU = Release|Any CPU
	EndGlobalSection
	GlobalSection(ProjectConfigurationPlatforms) = postSolution
		{6759762A-5E92-45B6-95E5-26FF0D870827}.Debug|Any CPU.ActiveCfg = Debug|Any CPU
		{6759762A-5E92-45B6-95E5-26FF0D870827}.Debug|Any CPU.Build.0 = Debug|Any CPU
		{6759762A-5E92-45B6-95E5-26FF0D870827}.Release|Any CPU.ActiveCfg = Release|Any CPU
		{6759762A-5E92-45B6-95E5-26FF0D870827}.Release|Any CPU.Build.0 = Release|Any CPU
	EndGlobalSection
	GlobalSection(SolutionProperties) = preSolution
		HideSolutionNode = FALSE
	EndGlobalSection
	GlobalSection(ExtensibilityGlobals) = postSolution
		SolutionGuid = {FFCCDE31-2CC4-459C-91D3-1F55FFA0E648}
	EndGlobalSection
EndGlobal
