
Microsoft Visual Studio Solution File, Format Version 12.00
# Visual Studio Version 17
VisualStudioVersion = 17.5.002.0
MinimumVisualStudioVersion = 10.0.40219.1
Project("{9A19103F-16F7-4668-BE54-9A1E7A4F7556}") = "Practise-1-2-3-4", "Practise-1-2-3-4.csproj", "{29422F61-0AAE-4FEC-B321-5215B2935641}"
EndProject
Global
	GlobalSection(SolutionConfigurationPlatforms) = preSolution
		Debug|Any CPU = Debug|Any CPU
		Release|Any CPU = Release|Any CPU
	EndGlobalSection
	GlobalSection(ProjectConfigurationPlatforms) = postSolution
		{29422F61-0AAE-4FEC-B321-5215B2935641}.Debug|Any CPU.ActiveCfg = Debug|Any CPU
		{29422F61-0AAE-4FEC-B321-5215B2935641}.Debug|Any CPU.Build.0 = Debug|Any CPU
		{29422F61-0AAE-4FEC-B321-5215B2935641}.Release|Any CPU.ActiveCfg = Release|Any CPU
		{29422F61-0AAE-4FEC-B321-5215B2935641}.Release|Any CPU.Build.0 = Release|Any CPU
	EndGlobalSection
	GlobalSection(SolutionProperties) = preSolution
		HideSolutionNode = FALSE
	EndGlobalSection
	GlobalSection(ExtensibilityGlobals) = postSolution
		SolutionGuid = {B222FB0E-8035-4538-B67A-8D6831D02A99}
	EndGlobalSection
EndGlobal
