
Microsoft Visual Studio Solution File, Format Version 12.00
# Visual Studio Version 17
VisualStudioVersion = 17.5.002.0
MinimumVisualStudioVersion = 10.0.40219.1
Project("{9A19103F-16F7-4668-BE54-9A1E7A4F7556}") = "Lesson10-Functions", "Lesson10-Functions.csproj", "{B9D16385-FF4B-45CA-8916-E3223D780C19}"
EndProject
Global
	GlobalSection(SolutionConfigurationPlatforms) = preSolution
		Debug|Any CPU = Debug|Any CPU
		Release|Any CPU = Release|Any CPU
	EndGlobalSection
	GlobalSection(ProjectConfigurationPlatforms) = postSolution
		{B9D16385-FF4B-45CA-8916-E3223D780C19}.Debug|Any CPU.ActiveCfg = Debug|Any CPU
		{B9D16385-FF4B-45CA-8916-E3223D780C19}.Debug|Any CPU.Build.0 = Debug|Any CPU
		{B9D16385-FF4B-45CA-8916-E3223D780C19}.Release|Any CPU.ActiveCfg = Release|Any CPU
		{B9D16385-FF4B-45CA-8916-E3223D780C19}.Release|Any CPU.Build.0 = Release|Any CPU
	EndGlobalSection
	GlobalSection(SolutionProperties) = preSolution
		HideSolutionNode = FALSE
	EndGlobalSection
	GlobalSection(ExtensibilityGlobals) = postSolution
		SolutionGuid = {EC4C4158-3E8C-4014-9F2C-5AE3BDCC2500}
	EndGlobalSection
EndGlobal
